
Microsoft Visual Studio Solution File, Format Version 12.00
# Visual Studio Version 16
VisualStudioVersion = 16.0.31624.102
MinimumVisualStudioVersion = 10.0.40219.1
Project("{FAE04EC0-301F-11D3-BF4B-00C04F79EFBC}") = "InsuranceClaimMicroservice", "InsuranceClaimMicroservice.csproj", "{0FEAC1E1-32E9-4CB8-9440-192A8E67C4BC}"
EndProject
Global
	GlobalSection(SolutionConfigurationPlatforms) = preSolution
		Debug|Any CPU = Debug|Any CPU
		Release|Any CPU = Release|Any CPU
	EndGlobalSection
	GlobalSection(ProjectConfigurationPlatforms) = postSolution
		{0FEAC1E1-32E9-4CB8-9440-192A8E67C4BC}.Debug|Any CPU.ActiveCfg = Debug|Any CPU
		{0FEAC1E1-32E9-4CB8-9440-192A8E67C4BC}.Debug|Any CPU.Build.0 = Debug|Any CPU
		{0FEAC1E1-32E9-4CB8-9440-192A8E67C4BC}.Release|Any CPU.ActiveCfg = Release|Any CPU
		{0FEAC1E1-32E9-4CB8-9440-192A8E67C4BC}.Release|Any CPU.Build.0 = Release|Any CPU
	EndGlobalSection
	GlobalSection(SolutionProperties) = preSolution
		HideSolutionNode = FALSE
	EndGlobalSection
	GlobalSection(ExtensibilityGlobals) = postSolution
		SolutionGuid = {A47C0716-250D-4855-936D-A890F9A2C1FE}
	EndGlobalSection
EndGlobal
